{
  "name": "mongodb-taskmanager",
  "version": "1.0.0",
  "lockfileVersion": 1,
  "requires": true,
  "dependencies": {
    "@rauschma/stringio": {
      "version": "1.4.0",
      "resolved": "https://registry.npmjs.org/@rauschma/stringio/-/stringio-1.4.0.tgz",
      "integrity": "sha512-3uor2f/MXZkmX5RJf8r+OC3WvZVzpSme0yyL0rQDPEnatE02qRcqwEwnsgpgriEck0S/n4vWtUd6tTtrJwk45Q==",
      "requires": {
        "@types/node": "10.12.18"
      }
    },
    "@types/node": {
      "version": "10.12.18",
      "resolved": "https://registry.npmjs.org/@types/node/-/node-10.12.18.tgz",
      "integrity": "sha512-fh+pAqt4xRzPfqA6eh3Z2y6fyZavRIumvjhaCL753+TVkGKGhpPeyrJG2JftD0T9q4GF00KjefsQ+PQNDdWQaQ=="
    },
    "async-limiter": {
      "version": "1.0.0",
      "resolved": "https://registry.npmjs.org/async-limiter/-/async-limiter-1.0.0.tgz",
      "integrity": "sha512-jp/uFnooOiO+L211eZOoSyzpOITMXx1rBITauYykG3BRYPu8h0UcxsPNB04RR5vo4Tyz3+ay17tR6JVf9qzYWg=="
    },
    "bottleneck": {
      "version": "2.15.3",
      "resolved": "https://registry.npmjs.org/bottleneck/-/bottleneck-2.15.3.tgz",
      "integrity": "sha512-2sHF/gMwTshF//gQninQBEHDNBXuvDLfSczPHpDc2U/9SC+P/97Zt01hy7UTEV0atSZ9BQBIHsdju/6wn7m4+w=="
    },
    "commander": {
      "version": "2.19.0",
      "resolved": "https://registry.npmjs.org/commander/-/commander-2.19.0.tgz",
      "integrity": "sha512-6tvAOO+D6OENvRAh524Dh9jcfKTYDQAqvqezbCW82xj5X0pSrcpxtvRKHLG0yBY6SD7PSDrJaj+0AiOcKVd1Xg=="
    },
    "dotenv": {
      "version": "6.2.0",
      "resolved": "https://registry.npmjs.org/dotenv/-/dotenv-6.2.0.tgz",
      "integrity": "sha512-HygQCKUBSFl8wKQZBSemMywRWcEDNidvNbjGVyZu3nbZ8qq9ubiPoGLMdRDpfSrpkkm9BXYFkpKxxFX38o/76w=="
    },
    "human-readable-ids": {
      "version": "1.0.4",
      "resolved": "https://registry.npmjs.org/human-readable-ids/-/human-readable-ids-1.0.4.tgz",
      "integrity": "sha512-h1zwThTims8A/SpqFGWyTx+jG1+WRMJaEeZgbtPGrIpj2AZjsOgy8Y+iNzJ0yAyN669Q6F02EK66WMWcst+2FA==",
      "requires": {
        "knuth-shuffle": "1.0.8"
      }
    },
    "knuth-shuffle": {
      "version": "1.0.8",
      "resolved": "https://registry.npmjs.org/knuth-shuffle/-/knuth-shuffle-1.0.8.tgz",
      "integrity": "sha512-IdC4Hpp+mx53zTt6VAGsAtbGM0g4BV9fP8tTcviCosSwocHcRDw9uG5Rnv6wLWckF4r72qeXFoK9NkvV1gUJCQ=="
    },
    "uniqid": {
      "version": "5.0.3",
      "resolved": "https://registry.npmjs.org/uniqid/-/uniqid-5.0.3.tgz",
      "integrity": "sha512-R2qx3X/LYWSdGRaluio4dYrPXAJACTqyUjuyXHoJLBUOIfmMcnYOyY2d6Y4clZcIz5lK6ZaI0Zzmm0cPfsIqzQ=="
    },
    "ws": {
      "version": "6.1.3",
      "resolved": "https://registry.npmjs.org/ws/-/ws-6.1.3.tgz",
      "integrity": "sha512-tbSxiT+qJI223AP4iLfQbkbxkwdFcneYinM2+x46Gx2wgvbaOMO36czfdfVUBRTHvzAMRhDd98sA5d/BuWbQdg==",
      "requires": {
        "async-limiter": "1.0.0"
      }
    }
  }
}
